
Microsoft Visual Studio Solution File, Format Version 12.00
Project("{2150E333-8FDC-42A3-9474-1A3956D46DE8}") = "src", "src", "{106A54C3-98AE-42E8-870E-408908B7DB01}"
EndProject
Project("{2150E333-8FDC-42A3-9474-1A3956D46DE8}") = "1-Services", "1-Services", "{3C17C56A-E3F8-4225-9FC5-51861C4CD1CA}"
EndProject
Project("{2150E333-8FDC-42A3-9474-1A3956D46DE8}") = "2-Application", "2-Application", "{E64A3E1E-05FC-4388-AEBA-01F8DA30352B}"
EndProject
Project("{2150E333-8FDC-42A3-9474-1A3956D46DE8}") = "3-Domain", "3-Domain", "{47DF4C09-87D1-4B74-8BE5-E25E06783BFD}"
EndProject
Project("{2150E333-8FDC-42A3-9474-1A3956D46DE8}") = "4-Infraestructure", "4-Infraestructure", "{52CE2A9D-F7FC-4DCE-A7E8-9F33676E9BF2}"
EndProject
Project("{FAE04EC0-301F-11D3-BF4B-00C04F79EFBC}") = "DesafioTecnico.WebApi", "DesafioTecnico.WebApi\DesafioTecnico.WebApi.csproj", "{9DB8FF24-06F3-446D-BCB1-9765A76B42AA}"
EndProject
Project("{FAE04EC0-301F-11D3-BF4B-00C04F79EFBC}") = "DesafioTecnico.Application", "DesafioTecnico.Application\DesafioTecnico.Application.csproj", "{1B56E6D6-4B59-4163-9858-EB122A46B959}"
EndProject
Project("{FAE04EC0-301F-11D3-BF4B-00C04F79EFBC}") = "DesafioTecnico.Domain", "DesafioTecnico.Domain\DesafioTecnico.Domain.csproj", "{34678965-460B-4DBB-8E03-5945CF30CE9F}"
EndProject
Project("{2150E333-8FDC-42A3-9474-1A3956D46DE8}") = "4.1-Data", "4.1-Data", "{23384A47-A086-4417-93BF-885F5522B492}"
EndProject
Project("{2150E333-8FDC-42A3-9474-1A3956D46DE8}") = "4.2-CrossCutting", "4.2-CrossCutting", "{ADA473B6-DE41-4F30-81B1-AA4985FABFCA}"
EndProject
Project("{FAE04EC0-301F-11D3-BF4B-00C04F79EFBC}") = "DesafioTecnico.Domain.Core", "DesafioTecnico.Domain.Core\DesafioTecnico.Domain.Core.csproj", "{115E8C79-2DFE-4D28-9E9B-115F33410CEB}"
EndProject
Project("{FAE04EC0-301F-11D3-BF4B-00C04F79EFBC}") = "DesafioTecnico.Infraestructure.Data", "DesafioTecnico.Infraestructure.Data\DesafioTecnico.Infraestructure.Data.csproj", "{750DC24D-5FE5-4706-B791-E090E3CCAA9B}"
EndProject
Project("{FAE04EC0-301F-11D3-BF4B-00C04F79EFBC}") = "DesafioTecnico.Infraestructure.CrossCutting.IoC", "DesafioTecnico.Infraestructure.CrossCutting.IoC\DesafioTecnico.Infraestructure.CrossCutting.IoC.csproj", "{BE2D6144-CB77-4F08-806B-5F2E4A57C418}"
EndProject
Global
	GlobalSection(SolutionConfigurationPlatforms) = preSolution
		Debug|Any CPU = Debug|Any CPU
		Release|Any CPU = Release|Any CPU
	EndGlobalSection
	GlobalSection(NestedProjects) = preSolution
		{3C17C56A-E3F8-4225-9FC5-51861C4CD1CA} = {106A54C3-98AE-42E8-870E-408908B7DB01}
		{E64A3E1E-05FC-4388-AEBA-01F8DA30352B} = {106A54C3-98AE-42E8-870E-408908B7DB01}
		{47DF4C09-87D1-4B74-8BE5-E25E06783BFD} = {106A54C3-98AE-42E8-870E-408908B7DB01}
		{52CE2A9D-F7FC-4DCE-A7E8-9F33676E9BF2} = {106A54C3-98AE-42E8-870E-408908B7DB01}
		{9DB8FF24-06F3-446D-BCB1-9765A76B42AA} = {3C17C56A-E3F8-4225-9FC5-51861C4CD1CA}
		{1B56E6D6-4B59-4163-9858-EB122A46B959} = {E64A3E1E-05FC-4388-AEBA-01F8DA30352B}
		{34678965-460B-4DBB-8E03-5945CF30CE9F} = {47DF4C09-87D1-4B74-8BE5-E25E06783BFD}
		{23384A47-A086-4417-93BF-885F5522B492} = {52CE2A9D-F7FC-4DCE-A7E8-9F33676E9BF2}
		{ADA473B6-DE41-4F30-81B1-AA4985FABFCA} = {52CE2A9D-F7FC-4DCE-A7E8-9F33676E9BF2}
		{115E8C79-2DFE-4D28-9E9B-115F33410CEB} = {47DF4C09-87D1-4B74-8BE5-E25E06783BFD}
		{750DC24D-5FE5-4706-B791-E090E3CCAA9B} = {23384A47-A086-4417-93BF-885F5522B492}
		{BE2D6144-CB77-4F08-806B-5F2E4A57C418} = {ADA473B6-DE41-4F30-81B1-AA4985FABFCA}
	EndGlobalSection
	GlobalSection(ProjectConfigurationPlatforms) = postSolution
		{9DB8FF24-06F3-446D-BCB1-9765A76B42AA}.Debug|Any CPU.ActiveCfg = Debug|Any CPU
		{9DB8FF24-06F3-446D-BCB1-9765A76B42AA}.Debug|Any CPU.Build.0 = Debug|Any CPU
		{9DB8FF24-06F3-446D-BCB1-9765A76B42AA}.Release|Any CPU.ActiveCfg = Release|Any CPU
		{9DB8FF24-06F3-446D-BCB1-9765A76B42AA}.Release|Any CPU.Build.0 = Release|Any CPU
		{1B56E6D6-4B59-4163-9858-EB122A46B959}.Debug|Any CPU.ActiveCfg = Debug|Any CPU
		{1B56E6D6-4B59-4163-9858-EB122A46B959}.Debug|Any CPU.Build.0 = Debug|Any CPU
		{1B56E6D6-4B59-4163-9858-EB122A46B959}.Release|Any CPU.ActiveCfg = Release|Any CPU
		{1B56E6D6-4B59-4163-9858-EB122A46B959}.Release|Any CPU.Build.0 = Release|Any CPU
		{34678965-460B-4DBB-8E03-5945CF30CE9F}.Debug|Any CPU.ActiveCfg = Debug|Any CPU
		{34678965-460B-4DBB-8E03-5945CF30CE9F}.Debug|Any CPU.Build.0 = Debug|Any CPU
		{34678965-460B-4DBB-8E03-5945CF30CE9F}.Release|Any CPU.ActiveCfg = Release|Any CPU
		{34678965-460B-4DBB-8E03-5945CF30CE9F}.Release|Any CPU.Build.0 = Release|Any CPU
		{115E8C79-2DFE-4D28-9E9B-115F33410CEB}.Debug|Any CPU.ActiveCfg = Debug|Any CPU
		{115E8C79-2DFE-4D28-9E9B-115F33410CEB}.Debug|Any CPU.Build.0 = Debug|Any CPU
		{115E8C79-2DFE-4D28-9E9B-115F33410CEB}.Release|Any CPU.ActiveCfg = Release|Any CPU
		{115E8C79-2DFE-4D28-9E9B-115F33410CEB}.Release|Any CPU.Build.0 = Release|Any CPU
		{750DC24D-5FE5-4706-B791-E090E3CCAA9B}.Debug|Any CPU.ActiveCfg = Debug|Any CPU
		{750DC24D-5FE5-4706-B791-E090E3CCAA9B}.Debug|Any CPU.Build.0 = Debug|Any CPU
		{750DC24D-5FE5-4706-B791-E090E3CCAA9B}.Release|Any CPU.ActiveCfg = Release|Any CPU
		{750DC24D-5FE5-4706-B791-E090E3CCAA9B}.Release|Any CPU.Build.0 = Release|Any CPU
		{BE2D6144-CB77-4F08-806B-5F2E4A57C418}.Debug|Any CPU.ActiveCfg = Debug|Any CPU
		{BE2D6144-CB77-4F08-806B-5F2E4A57C418}.Debug|Any CPU.Build.0 = Debug|Any CPU
		{BE2D6144-CB77-4F08-806B-5F2E4A57C418}.Release|Any CPU.ActiveCfg = Release|Any CPU
		{BE2D6144-CB77-4F08-806B-5F2E4A57C418}.Release|Any CPU.Build.0 = Release|Any CPU
	EndGlobalSection
EndGlobal
